
Microsoft Visual Studio Solution File, Format Version 12.00
# Visual Studio 15
VisualStudioVersion = 15.0.27004.2006
MinimumVisualStudioVersion = 10.0.40219.1
Project("{FAE04EC0-301F-11D3-BF4B-00C04F79EFBC}") = "Transaction", "Transaction.csproj", "{9C98564D-6373-4ED0-BA63-9D7ECD39E2DF}"
EndProject
Project("{FAE04EC0-301F-11D3-BF4B-00C04F79EFBC}") = "DeleteTransactionGUI", "DeleteTransactionGUI\DeleteTransactionGUI.csproj", "{7C65CF87-DBC7-4C2D-B177-BB2B1C306CC6}"
EndProject
Global
	GlobalSection(SolutionConfigurationPlatforms) = preSolution
		Debug|Any CPU = Debug|Any CPU
		Release|Any CPU = Release|Any CPU
	EndGlobalSection
	GlobalSection(ProjectConfigurationPlatforms) = postSolution
		{9C98564D-6373-4ED0-BA63-9D7ECD39E2DF}.Debug|Any CPU.ActiveCfg = Debug|Any CPU
		{9C98564D-6373-4ED0-BA63-9D7ECD39E2DF}.Debug|Any CPU.Build.0 = Debug|Any CPU
		{9C98564D-6373-4ED0-BA63-9D7ECD39E2DF}.Release|Any CPU.ActiveCfg = Release|Any CPU
		{9C98564D-6373-4ED0-BA63-9D7ECD39E2DF}.Release|Any CPU.Build.0 = Release|Any CPU
		{7C65CF87-DBC7-4C2D-B177-BB2B1C306CC6}.Debug|Any CPU.ActiveCfg = Debug|Any CPU
		{7C65CF87-DBC7-4C2D-B177-BB2B1C306CC6}.Debug|Any CPU.Build.0 = Debug|Any CPU
		{7C65CF87-DBC7-4C2D-B177-BB2B1C306CC6}.Release|Any CPU.ActiveCfg = Release|Any CPU
		{7C65CF87-DBC7-4C2D-B177-BB2B1C306CC6}.Release|Any CPU.Build.0 = Release|Any CPU
	EndGlobalSection
	GlobalSection(SolutionProperties) = preSolution
		HideSolutionNode = FALSE
	EndGlobalSection
	GlobalSection(ExtensibilityGlobals) = postSolution
		SolutionGuid = {641FE56F-4011-45E1-BA73-67F9A17DD2B5}
	EndGlobalSection
EndGlobal
